PODS:
  - ZZAutoWaterFlowLayout (0.0.6)

DEPENDENCIES:
  - ZZAutoWaterFlowLayout (from `../`)

EXTERNAL SOURCES:
  ZZAutoWaterFlowLayout:
    :path: "../"

SPEC CHECKSUMS:
  ZZAutoWaterFlowLayout: b8e4e1c144c1442acd369a2580df8064bcb2f7cc

PODFILE CHECKSUM: 370a651e5f8b2aacd99e703bb525ba6a10489b6f

COCOAPODS: 1.16.2
