PODS:
  - ZZAutoWaterFlowLayout (0.0.3)

DEPENDENCIES:
  - ZZAutoWaterFlowLayout (from `../`)

EXTERNAL SOURCES:
  ZZAutoWaterFlowLayout:
    :path: "../"

SPEC CHECKSUMS:
  ZZAutoWaterFlowLayout: 722e50bc900cb3a30ccd8a8a40690fe94387c8ec

PODFILE CHECKSUM: 370a651e5f8b2aacd99e703bb525ba6a10489b6f

COCOAPODS: 1.11.3
