PODS:
  - ZZAutoWaterFlowLayout (0.0.4)

DEPENDENCIES:
  - ZZAutoWaterFlowLayout (from `../`)

EXTERNAL SOURCES:
  ZZAutoWaterFlowLayout:
    :path: "../"

SPEC CHECKSUMS:
  ZZAutoWaterFlowLayout: 4731215b12024ceadf64fa7009a049bc8b5bff5e

PODFILE CHECKSUM: 370a651e5f8b2aacd99e703bb525ba6a10489b6f

COCOAPODS: 1.14.3
